
Microsoft Visual Studio Solution File, Format Version 12.00
# Visual Studio Version 17
VisualStudioVersion = 17.7.34031.279
MinimumVisualStudioVersion = 10.0.40219.1
Project("{FAE04EC0-301F-11D3-BF4B-00C04F79EFBC}") = "ContactsSolution_PresentationLayer", "11 - ContactsSolution\ContactsSolution_PresentationLayer.csproj", "{4E1A3757-721F-44BD-A993-0D1E52B32EB4}"
EndProject
Project("{FAE04EC0-301F-11D3-BF4B-00C04F79EFBC}") = "Contacts_BusinessLayer", "Contacts_BusinessLayer\Contacts_BusinessLayer.csproj", "{A64A238F-71C6-4854-AB81-8173A910B2D8}"
EndProject
Project("{FAE04EC0-301F-11D3-BF4B-00C04F79EFBC}") = "Contacts_DataLayer", "Contacts_DataLayer\Contacts_DataLayer.csproj", "{2374371A-5F09-4754-B703-7FBE39A2906F}"
EndProject
Global
	GlobalSection(SolutionConfigurationPlatforms) = preSolution
		Debug|Any CPU = Debug|Any CPU
		Release|Any CPU = Release|Any CPU
	EndGlobalSection
	GlobalSection(ProjectConfigurationPlatforms) = postSolution
		{4E1A3757-721F-44BD-A993-0D1E52B32EB4}.Debug|Any CPU.ActiveCfg = Debug|Any CPU
		{4E1A3757-721F-44BD-A993-0D1E52B32EB4}.Debug|Any CPU.Build.0 = Debug|Any CPU
		{4E1A3757-721F-44BD-A993-0D1E52B32EB4}.Release|Any CPU.ActiveCfg = Release|Any CPU
		{4E1A3757-721F-44BD-A993-0D1E52B32EB4}.Release|Any CPU.Build.0 = Release|Any CPU
		{A64A238F-71C6-4854-AB81-8173A910B2D8}.Debug|Any CPU.ActiveCfg = Debug|Any CPU
		{A64A238F-71C6-4854-AB81-8173A910B2D8}.Debug|Any CPU.Build.0 = Debug|Any CPU
		{A64A238F-71C6-4854-AB81-8173A910B2D8}.Release|Any CPU.ActiveCfg = Release|Any CPU
		{A64A238F-71C6-4854-AB81-8173A910B2D8}.Release|Any CPU.Build.0 = Release|Any CPU
		{2374371A-5F09-4754-B703-7FBE39A2906F}.Debug|Any CPU.ActiveCfg = Debug|Any CPU
		{2374371A-5F09-4754-B703-7FBE39A2906F}.Debug|Any CPU.Build.0 = Debug|Any CPU
		{2374371A-5F09-4754-B703-7FBE39A2906F}.Release|Any CPU.ActiveCfg = Release|Any CPU
		{2374371A-5F09-4754-B703-7FBE39A2906F}.Release|Any CPU.Build.0 = Release|Any CPU
	EndGlobalSection
	GlobalSection(SolutionProperties) = preSolution
		HideSolutionNode = FALSE
	EndGlobalSection
	GlobalSection(ExtensibilityGlobals) = postSolution
		SolutionGuid = {BC885644-7B3D-458A-9890-A5147C121546}
	EndGlobalSection
EndGlobal
