
Microsoft Visual Studio Solution File, Format Version 12.00
# Visual Studio Version 17
VisualStudioVersion = 17.7.34031.279
MinimumVisualStudioVersion = 10.0.40219.1
Project("{FAE04EC0-301F-11D3-BF4B-00C04F79EFBC}") = "8 - Update Data", "8 - Update Data\8 - Update Data.csproj", "{2CA169D9-548B-4371-ACF4-DC72C6E8AE62}"
EndProject
Global
	GlobalSection(SolutionConfigurationPlatforms) = preSolution
		Debug|Any CPU = Debug|Any CPU
		Release|Any CPU = Release|Any CPU
	EndGlobalSection
	GlobalSection(ProjectConfigurationPlatforms) = postSolution
		{2CA169D9-548B-4371-ACF4-DC72C6E8AE62}.Debug|Any CPU.ActiveCfg = Debug|Any CPU
		{2CA169D9-548B-4371-ACF4-DC72C6E8AE62}.Debug|Any CPU.Build.0 = Debug|Any CPU
		{2CA169D9-548B-4371-ACF4-DC72C6E8AE62}.Release|Any CPU.ActiveCfg = Release|Any CPU
		{2CA169D9-548B-4371-ACF4-DC72C6E8AE62}.Release|Any CPU.Build.0 = Release|Any CPU
	EndGlobalSection
	GlobalSection(SolutionProperties) = preSolution
		HideSolutionNode = FALSE
	EndGlobalSection
	GlobalSection(ExtensibilityGlobals) = postSolution
		SolutionGuid = {EA83530E-C941-42DD-B34E-06D5833F887C}
	EndGlobalSection
EndGlobal
