
Microsoft Visual Studio Solution File, Format Version 12.00
# Visual Studio Version 17
VisualStudioVersion = 17.7.34031.279
MinimumVisualStudioVersion = 10.0.40219.1
Project("{FAE04EC0-301F-11D3-BF4B-00C04F79EFBC}") = "18-DataTable4", "18-DataTable4\18-DataTable4.csproj", "{0BDA9CAC-EF9E-4C70-A628-F9AB57CF1E66}"
EndProject
Global
	GlobalSection(SolutionConfigurationPlatforms) = preSolution
		Debug|Any CPU = Debug|Any CPU
		Release|Any CPU = Release|Any CPU
	EndGlobalSection
	GlobalSection(ProjectConfigurationPlatforms) = postSolution
		{0BDA9CAC-EF9E-4C70-A628-F9AB57CF1E66}.Debug|Any CPU.ActiveCfg = Debug|Any CPU
		{0BDA9CAC-EF9E-4C70-A628-F9AB57CF1E66}.Debug|Any CPU.Build.0 = Debug|Any CPU
		{0BDA9CAC-EF9E-4C70-A628-F9AB57CF1E66}.Release|Any CPU.ActiveCfg = Release|Any CPU
		{0BDA9CAC-EF9E-4C70-A628-F9AB57CF1E66}.Release|Any CPU.Build.0 = Release|Any CPU
	EndGlobalSection
	GlobalSection(SolutionProperties) = preSolution
		HideSolutionNode = FALSE
	EndGlobalSection
	GlobalSection(ExtensibilityGlobals) = postSolution
		SolutionGuid = {AB6C1BB5-9BFA-4EC3-BABB-0B274C1AA0E5}
	EndGlobalSection
EndGlobal
