
Microsoft Visual Studio Solution File, Format Version 12.00
# Visual Studio Version 17
VisualStudioVersion = 17.7.34031.279
MinimumVisualStudioVersion = 10.0.40219.1
Project("{FAE04EC0-301F-11D3-BF4B-00C04F79EFBC}") = "20-DataTable", "20-DataTable\20-DataTable.csproj", "{D632E1C3-87C6-496C-BEB5-BBDBD37874E1}"
EndProject
Global
	GlobalSection(SolutionConfigurationPlatforms) = preSolution
		Debug|Any CPU = Debug|Any CPU
		Release|Any CPU = Release|Any CPU
	EndGlobalSection
	GlobalSection(ProjectConfigurationPlatforms) = postSolution
		{D632E1C3-87C6-496C-BEB5-BBDBD37874E1}.Debug|Any CPU.ActiveCfg = Debug|Any CPU
		{D632E1C3-87C6-496C-BEB5-BBDBD37874E1}.Debug|Any CPU.Build.0 = Debug|Any CPU
		{D632E1C3-87C6-496C-BEB5-BBDBD37874E1}.Release|Any CPU.ActiveCfg = Release|Any CPU
		{D632E1C3-87C6-496C-BEB5-BBDBD37874E1}.Release|Any CPU.Build.0 = Release|Any CPU
	EndGlobalSection
	GlobalSection(SolutionProperties) = preSolution
		HideSolutionNode = FALSE
	EndGlobalSection
	GlobalSection(ExtensibilityGlobals) = postSolution
		SolutionGuid = {92B651EE-FFDB-422A-BE49-37B13368D561}
	EndGlobalSection
EndGlobal
